// !$*UTF8*$!
{
	archiveVersion = 1;
	classes = {
	};
	objectVersion = 56;
	objects = {

/* Begin PBXBuildFile section */
		1D39991B29F0CADD007BC059 /* AppDelegate.swift in Sources */ = {isa = PBXBuildFile; fileRef = 1D39991A29F0CADD007BC059 /* AppDelegate.swift */; };
		1D39991D29F0CADD007BC059 /* SceneDelegate.swift in Sources */ = {isa = PBXBuildFile; fileRef = 1D39991C29F0CADD007BC059 /* SceneDelegate.swift */; };
		1D39991F29F0CADD007BC059 /* ViewController.swift in Sources */ = {isa = PBXBuildFile; fileRef = 1D39991E29F0CADD007BC059 /* ViewController.swift */; };
		1D39992229F0CADD007BC059 /* Main.storyboard in Resources */ = {isa = PBXBuildFile; fileRef = 1D39992029F0CADD007BC059 /* Main.storyboard */; };
		1D39992529F0CADD007BC059 /* PhotoMemory.xcdatamodeld in Sources */ = {isa = PBXBuildFile; fileRef = 1D39992329F0CADD007BC059 /* PhotoMemory.xcdatamodeld */; };
		1D39992729F0CADF007BC059 /* Assets.xcassets in Resources */ = {isa = PBXBuildFile; fileRef = 1D39992629F0CADF007BC059 /* Assets.xcassets */; };
		1D39992A29F0CADF007BC059 /* LaunchScreen.storyboard in Resources */ = {isa = PBXBuildFile; fileRef = 1D39992829F0CADF007BC059 /* LaunchScreen.storyboard */; };
		1D39993229F0CFB2007BC059 /* FeedController.swift in Sources */ = {isa = PBXBuildFile; fileRef = 1D39993129F0CFB2007BC059 /* FeedController.swift */; };
		1D39993729F0D07E007BC059 /* FeedCell.swift in Sources */ = {isa = PBXBuildFile; fileRef = 1D39993629F0D07E007BC059 /* FeedCell.swift */; };
		1D39993A29F0E50B007BC059 /* MainTabController.swift in Sources */ = {isa = PBXBuildFile; fileRef = 1D39993929F0E50B007BC059 /* MainTabController.swift */; };
		1D39993C29F0E5D1007BC059 /* CalendarController.swift in Sources */ = {isa = PBXBuildFile; fileRef = 1D39993B29F0E5D1007BC059 /* CalendarController.swift */; };
		1D39993E29F0E5E0007BC059 /* SearchController.swift in Sources */ = {isa = PBXBuildFile; fileRef = 1D39993D29F0E5E0007BC059 /* SearchController.swift */; };
		1D39994029F0E66B007BC059 /* secondController.swift in Sources */ = {isa = PBXBuildFile; fileRef = 1D39993F29F0E66B007BC059 /* secondController.swift */; };
		1D39994429F105FE007BC059 /* PlusMemoryController.swift in Sources */ = {isa = PBXBuildFile; fileRef = 1D39994329F105FE007BC059 /* PlusMemoryController.swift */; };
		1DDBD8C929F187FD00240906 /* CoreDataManager.swift in Sources */ = {isa = PBXBuildFile; fileRef = 1DDBD8C829F187FD00240906 /* CoreDataManager.swift */; };
		1DE9C9022A0148A3004AA311 /* CalendarCollectionViewCell.swift in Sources */ = {isa = PBXBuildFile; fileRef = 1DE9C9012A0148A3004AA311 /* CalendarCollectionViewCell.swift */; };
		1DE9C9062A022F5D004AA311 /* NoDataViewController.swift in Sources */ = {isa = PBXBuildFile; fileRef = 1DE9C9052A022F5D004AA311 /* NoDataViewController.swift */; };
		BE58A9DF29F6A8D20081A0EA /* DetailViewController.swift in Sources */ = {isa = PBXBuildFile; fileRef = BE58A9DE29F6A8D20081A0EA /* DetailViewController.swift */; };
/* End PBXBuildFile section */

/* Begin PBXFileReference section */
		1D39991729F0CADD007BC059 /* PhotoMemory.app */ = {isa = PBXFileReference; explicitFileType = wrapper.application; includeInIndex = 0; path = PhotoMemory.app; sourceTree = BUILT_PRODUCTS_DIR; };
		1D39991A29F0CADD007BC059 /* AppDelegate.swift */ = {isa = PBXFileReference; lastKnownFileType = sourcecode.swift; path = AppDelegate.swift; sourceTree = "<group>"; };
		1D39991C29F0CADD007BC059 /* SceneDelegate.swift */ = {isa = PBXFileReference; lastKnownFileType = sourcecode.swift; path = SceneDelegate.swift; sourceTree = "<group>"; };
		1D39991E29F0CADD007BC059 /* ViewController.swift */ = {isa = PBXFileReference; lastKnownFileType = sourcecode.swift; path = ViewController.swift; sourceTree = "<group>"; };
		1D39992129F0CADD007BC059 /* Base */ = {isa = PBXFileReference; lastKnownFileType = file.storyboard; name = Base; path = Base.lproj/Main.storyboard; sourceTree = "<group>"; };
		1D39992429F0CADD007BC059 /* PhotoMemory.xcdatamodel */ = {isa = PBXFileReference; lastKnownFileType = wrapper.xcdatamodel; path = PhotoMemory.xcdatamodel; sourceTree = "<group>"; };
		1D39992629F0CADF007BC059 /* Assets.xcassets */ = {isa = PBXFileReference; lastKnownFileType = folder.assetcatalog; path = Assets.xcassets; sourceTree = "<group>"; };
		1D39992929F0CADF007BC059 /* Base */ = {isa = PBXFileReference; lastKnownFileType = file.storyboard; name = Base; path = Base.lproj/LaunchScreen.storyboard; sourceTree = "<group>"; };
		1D39992B29F0CADF007BC059 /* Info.plist */ = {isa = PBXFileReference; lastKnownFileType = text.plist.xml; path = Info.plist; sourceTree = "<group>"; };
		1D39993129F0CFB2007BC059 /* FeedController.swift */ = {isa = PBXFileReference; lastKnownFileType = sourcecode.swift; path = FeedController.swift; sourceTree = "<group>"; };
		1D39993629F0D07E007BC059 /* FeedCell.swift */ = {isa = PBXFileReference; lastKnownFileType = sourcecode.swift; path = FeedCell.swift; sourceTree = "<group>"; };
		1D39993929F0E50B007BC059 /* MainTabController.swift */ = {isa = PBXFileReference; lastKnownFileType = sourcecode.swift; path = MainTabController.swift; sourceTree = "<group>"; };
		1D39993B29F0E5D1007BC059 /* CalendarController.swift */ = {isa = PBXFileReference; lastKnownFileType = sourcecode.swift; path = CalendarController.swift; sourceTree = "<group>"; };
		1D39993D29F0E5E0007BC059 /* SearchController.swift */ = {isa = PBXFileReference; lastKnownFileType = sourcecode.swift; path = SearchController.swift; sourceTree = "<group>"; };
		1D39993F29F0E66B007BC059 /* secondController.swift */ = {isa = PBXFileReference; lastKnownFileType = sourcecode.swift; path = secondController.swift; sourceTree = "<group>"; };
		1D39994329F105FE007BC059 /* PlusMemoryController.swift */ = {isa = PBXFileReference; lastKnownFileType = sourcecode.swift; path = PlusMemoryController.swift; sourceTree = "<group>"; };
		1DDBD8C829F187FD00240906 /* CoreDataManager.swift */ = {isa = PBXFileReference; lastKnownFileType = sourcecode.swift; path = CoreDataManager.swift; sourceTree = "<group>"; };
		1DE9C9012A0148A3004AA311 /* CalendarCollectionViewCell.swift */ = {isa = PBXFileReference; lastKnownFileType = sourcecode.swift; path = CalendarCollectionViewCell.swift; sourceTree = "<group>"; };
		1DE9C9052A022F5D004AA311 /* NoDataViewController.swift */ = {isa = PBXFileReference; lastKnownFileType = sourcecode.swift; path = NoDataViewController.swift; sourceTree = "<group>"; };
		BE58A9DE29F6A8D20081A0EA /* DetailViewController.swift */ = {isa = PBXFileReference; lastKnownFileType = sourcecode.swift; path = DetailViewController.swift; sourceTree = "<group>"; };
/* End PBXFileReference section */

/* Begin PBXFrameworksBuildPhase section */
		1D39991429F0CADD007BC059 /* Frameworks */ = {
			isa = PBXFrameworksBuildPhase;
			buildActionMask = 2147483647;
			files = (
			);
			runOnlyForDeploymentPostprocessing = 0;
		};
/* End PBXFrameworksBuildPhase section */

/* Begin PBXGroup section */
		1D39990E29F0CADD007BC059 = {
			isa = PBXGroup;
			children = (
				1D39991929F0CADD007BC059 /* PhotoMemory */,
				1D39991829F0CADD007BC059 /* Products */,
			);
			sourceTree = "<group>";
		};
		1D39991829F0CADD007BC059 /* Products */ = {
			isa = PBXGroup;
			children = (
				1D39991729F0CADD007BC059 /* PhotoMemory.app */,
			);
			name = Products;
			sourceTree = "<group>";
		};
		1D39991929F0CADD007BC059 /* PhotoMemory */ = {
			isa = PBXGroup;
			children = (
				1D39993829F0D2A5007BC059 /* Utilis */,
				1D39993529F0D065007BC059 /* Models */,
				1D39993429F0D05B007BC059 /* Views */,
				1D39993329F0D04C007BC059 /* Controllers */,
				1D39992029F0CADD007BC059 /* Main.storyboard */,
				1D39992629F0CADF007BC059 /* Assets.xcassets */,
				1D39992829F0CADF007BC059 /* LaunchScreen.storyboard */,
				1D39992B29F0CADF007BC059 /* Info.plist */,
				1D39992329F0CADD007BC059 /* PhotoMemory.xcdatamodeld */,
			);
			path = PhotoMemory;
			sourceTree = "<group>";
		};
		1D39993329F0D04C007BC059 /* Controllers */ = {
			isa = PBXGroup;
			children = (
				1D39993929F0E50B007BC059 /* MainTabController.swift */,
				1DA9D80C29FF830B002C499C /* Feed */,
				1DE9C9002A00DBCE004AA311 /* Calendar */,
				1D39993F29F0E66B007BC059 /* secondController.swift */,
				1D3DBFD12A0B39B700CB9DC1 /* Search */,
				1D39991E29F0CADD007BC059 /* ViewController.swift */,
			);
			path = Controllers;
			sourceTree = "<group>";
		};
		1D39993429F0D05B007BC059 /* Views */ = {
			isa = PBXGroup;
			children = (
				1D39993629F0D07E007BC059 /* FeedCell.swift */,
			);
			path = Views;
			sourceTree = "<group>";
		};
		1D39993529F0D065007BC059 /* Models */ = {
			isa = PBXGroup;
			children = (
				1DDBD8C829F187FD00240906 /* CoreDataManager.swift */,
			);
			path = Models;
			sourceTree = "<group>";
		};
		1D39993829F0D2A5007BC059 /* Utilis */ = {
			isa = PBXGroup;
			children = (
				1D39991A29F0CADD007BC059 /* AppDelegate.swift */,
				1D39991C29F0CADD007BC059 /* SceneDelegate.swift */,
			);
			path = Utilis;
			sourceTree = "<group>";
		};
		1D3DBFD12A0B39B700CB9DC1 /* Search */ = {
			isa = PBXGroup;
			children = (
				1D39993D29F0E5E0007BC059 /* SearchController.swift */,
			);
			path = Search;
			sourceTree = "<group>";
		};
		1DA9D80C29FF830B002C499C /* Feed */ = {
			isa = PBXGroup;
			children = (
				1D39993129F0CFB2007BC059 /* FeedController.swift */,
				1D39994329F105FE007BC059 /* PlusMemoryController.swift */,
				BE58A9DE29F6A8D20081A0EA /* DetailViewController.swift */,
			);
			path = Feed;
			sourceTree = "<group>";
		};
		1DE9C9002A00DBCE004AA311 /* Calendar */ = {
			isa = PBXGroup;
			children = (
				1D39993B29F0E5D1007BC059 /* CalendarController.swift */,
				1DE9C9012A0148A3004AA311 /* CalendarCollectionViewCell.swift */,
				1DE9C9052A022F5D004AA311 /* NoDataViewController.swift */,
			);
			path = Calendar;
			sourceTree = "<group>";
		};
/* End PBXGroup section */

/* Begin PBXNativeTarget section */
		1D39991629F0CADD007BC059 /* PhotoMemory */ = {
			isa = PBXNativeTarget;
			buildConfigurationList = 1D39992E29F0CADF007BC059 /* Build configuration list for PBXNativeTarget "PhotoMemory" */;
			buildPhases = (
				1D39991329F0CADD007BC059 /* Sources */,
				1D39991429F0CADD007BC059 /* Frameworks */,
				1D39991529F0CADD007BC059 /* Resources */,
			);
			buildRules = (
			);
			dependencies = (
			);
			name = PhotoMemory;
			productName = PhotoMemory;
			productReference = 1D39991729F0CADD007BC059 /* PhotoMemory.app */;
			productType = "com.apple.product-type.application";
		};
/* End PBXNativeTarget section */

/* Begin PBXProject section */
		1D39990F29F0CADD007BC059 /* Project object */ = {
			isa = PBXProject;
			attributes = {
				BuildIndependentTargetsInParallel = 1;
				LastSwiftUpdateCheck = 1420;
				LastUpgradeCheck = 1420;
				TargetAttributes = {
					1D39991629F0CADD007BC059 = {
						CreatedOnToolsVersion = 14.2;
					};
				};
			};
			buildConfigurationList = 1D39991229F0CADD007BC059 /* Build configuration list for PBXProject "PhotoMemory" */;
			compatibilityVersion = "Xcode 14.0";
			developmentRegion = en;
			hasScannedForEncodings = 0;
			knownRegions = (
				en,
				Base,
			);
			mainGroup = 1D39990E29F0CADD007BC059;
			productRefGroup = 1D39991829F0CADD007BC059 /* Products */;
			projectDirPath = "";
			projectRoot = "";
			targets = (
				1D39991629F0CADD007BC059 /* PhotoMemory */,
			);
		};
/* End PBXProject section */

/* Begin PBXResourcesBuildPhase section */
		1D39991529F0CADD007BC059 /* Resources */ = {
			isa = PBXResourcesBuildPhase;
			buildActionMask = 2147483647;
			files = (
				1D39992A29F0CADF007BC059 /* LaunchScreen.storyboard in Resources */,
				1D39992729F0CADF007BC059 /* Assets.xcassets in Resources */,
				1D39992229F0CADD007BC059 /* Main.storyboard in Resources */,
			);
			runOnlyForDeploymentPostprocessing = 0;
		};
/* End PBXResourcesBuildPhase section */

/* Begin PBXSourcesBuildPhase section */
		1D39991329F0CADD007BC059 /* Sources */ = {
			isa = PBXSourcesBuildPhase;
			buildActionMask = 2147483647;
			files = (
				1D39991F29F0CADD007BC059 /* ViewController.swift in Sources */,
				1D39991B29F0CADD007BC059 /* AppDelegate.swift in Sources */,
				1D39993A29F0E50B007BC059 /* MainTabController.swift in Sources */,
				1D39993229F0CFB2007BC059 /* FeedController.swift in Sources */,
				1D39991D29F0CADD007BC059 /* SceneDelegate.swift in Sources */,
				1D39992529F0CADD007BC059 /* PhotoMemory.xcdatamodeld in Sources */,
				1DDBD8C929F187FD00240906 /* CoreDataManager.swift in Sources */,
				1D39993E29F0E5E0007BC059 /* SearchController.swift in Sources */,
				1DE9C9022A0148A3004AA311 /* CalendarCollectionViewCell.swift in Sources */,
				1D39994029F0E66B007BC059 /* secondController.swift in Sources */,
				1DE9C9062A022F5D004AA311 /* NoDataViewController.swift in Sources */,
				1D39993729F0D07E007BC059 /* FeedCell.swift in Sources */,
				1D39994429F105FE007BC059 /* PlusMemoryController.swift in Sources */,
				1D39993C29F0E5D1007BC059 /* CalendarController.swift in Sources */,
				BE58A9DF29F6A8D20081A0EA /* DetailViewController.swift in Sources */,
			);
			runOnlyForDeploymentPostprocessing = 0;
		};
/* End PBXSourcesBuildPhase section */

/* Begin PBXVariantGroup section */
		1D39992029F0CADD007BC059 /* Main.storyboard */ = {
			isa = PBXVariantGroup;
			children = (
				1D39992129F0CADD007BC059 /* Base */,
			);
			name = Main.storyboard;
			sourceTree = "<group>";
		};
		1D39992829F0CADF007BC059 /* LaunchScreen.storyboard */ = {
			isa = PBXVariantGroup;
			children = (
				1D39992929F0CADF007BC059 /* Base */,
			);
			name = LaunchScreen.storyboard;
			sourceTree = "<group>";
		};
/* End PBXVariantGroup section */

/* Begin XCBuildConfiguration section */
		1D39992C29F0CADF007BC059 /* Debug */ = {
			isa = XCBuildConfiguration;
			buildSettings = {
				ALWAYS_SEARCH_USER_PATHS = NO;
				CLANG_ANALYZER_NONNULL = YES;
				CLANG_ANALYZER_NUMBER_OBJECT_CONVERSION = YES_AGGRESSIVE;
				CLANG_CXX_LANGUAGE_STANDARD = "gnu++20";
				CLANG_ENABLE_MODULES = YES;
				CLANG_ENABLE_OBJC_ARC = YES;
				CLANG_ENABLE_OBJC_WEAK = YES;
				CLANG_WARN_BLOCK_CAPTURE_AUTORELEASING = YES;
				CLANG_WARN_BOOL_CONVERSION = YES;
				CLANG_WARN_COMMA = YES;
				CLANG_WARN_CONSTANT_CONVERSION = YES;
				CLANG_WARN_DEPRECATED_OBJC_IMPLEMENTATIONS = YES;
				CLANG_WARN_DIRECT_OBJC_ISA_USAGE = YES_ERROR;
				CLANG_WARN_DOCUMENTATION_COMMENTS = YES;
				CLANG_WARN_EMPTY_BODY = YES;
				CLANG_WARN_ENUM_CONVERSION = YES;
				CLANG_WARN_INFINITE_RECURSION = YES;
				CLANG_WARN_INT_CONVERSION = YES;
				CLANG_WARN_NON_LITERAL_NULL_CONVERSION = YES;
				CLANG_WARN_OBJC_IMPLICIT_RETAIN_SELF = YES;
				CLANG_WARN_OBJC_LITERAL_CONVERSION = YES;
				CLANG_WARN_OBJC_ROOT_CLASS = YES_ERROR;
				CLANG_WARN_QUOTED_INCLUDE_IN_FRAMEWORK_HEADER = YES;
				CLANG_WARN_RANGE_LOOP_ANALYSIS = YES;
				CLANG_WARN_STRICT_PROTOTYPES = YES;
				CLANG_WARN_SUSPICIOUS_MOVE = YES;
				CLANG_WARN_UNGUARDED_AVAILABILITY = YES_AGGRESSIVE;
				CLANG_WARN_UNREACHABLE_CODE = YES;
				CLANG_WARN__DUPLICATE_METHOD_MATCH = YES;
				COPY_PHASE_STRIP = NO;
				DEBUG_INFORMATION_FORMAT = dwarf;
				ENABLE_STRICT_OBJC_MSGSEND = YES;
				ENABLE_TESTABILITY = YES;
				GCC_C_LANGUAGE_STANDARD = gnu11;
				GCC_DYNAMIC_NO_PIC = NO;
				GCC_NO_COMMON_BLOCKS = YES;
				GCC_OPTIMIZATION_LEVEL = 0;
				GCC_PREPROCESSOR_DEFINITIONS = (
					"DEBUG=1",
					"$(inherited)",
				);
				GCC_WARN_64_TO_32_BIT_CONVERSION = YES;
				GCC_WARN_ABOUT_RETURN_TYPE = YES_ERROR;
				GCC_WARN_UNDECLARED_SELECTOR = YES;
				GCC_WARN_UNINITIALIZED_AUTOS = YES_AGGRESSIVE;
				GCC_WARN_UNUSED_FUNCTION = YES;
				GCC_WARN_UNUSED_VARIABLE = YES;
				IPHONEOS_DEPLOYMENT_TARGET = 16.2;
				MTL_ENABLE_DEBUG_INFO = INCLUDE_SOURCE;
				MTL_FAST_MATH = YES;
				ONLY_ACTIVE_ARCH = YES;
				SDKROOT = iphoneos;
				SWIFT_ACTIVE_COMPILATION_CONDITIONS = DEBUG;
				SWIFT_OPTIMIZATION_LEVEL = "-Onone";
			};
			name = Debug;
		};
		1D39992D29F0CADF007BC059 /* Release */ = {
			isa = XCBuildConfiguration;
			buildSettings = {
				ALWAYS_SEARCH_USER_PATHS = NO;
				CLANG_ANALYZER_NONNULL = YES;
				CLANG_ANALYZER_NUMBER_OBJECT_CONVERSION = YES_AGGRESSIVE;
				CLANG_CXX_LANGUAGE_STANDARD = "gnu++20";
				CLANG_ENABLE_MODULES = YES;
				CLANG_ENABLE_OBJC_ARC = YES;
				CLANG_ENABLE_OBJC_WEAK = YES;
				CLANG_WARN_BLOCK_CAPTURE_AUTORELEASING = YES;
				CLANG_WARN_BOOL_CONVERSION = YES;
				CLANG_WARN_COMMA = YES;
				CLANG_WARN_CONSTANT_CONVERSION = YES;
				CLANG_WARN_DEPRECATED_OBJC_IMPLEMENTATIONS = YES;
				CLANG_WARN_DIRECT_OBJC_ISA_USAGE = YES_ERROR;
				CLANG_WARN_DOCUMENTATION_COMMENTS = YES;
				CLANG_WARN_EMPTY_BODY = YES;
				CLANG_WARN_ENUM_CONVERSION = YES;
				CLANG_WARN_INFINITE_RECURSION = YES;
				CLANG_WARN_INT_CONVERSION = YES;
				CLANG_WARN_NON_LITERAL_NULL_CONVERSION = YES;
				CLANG_WARN_OBJC_IMPLICIT_RETAIN_SELF = YES;
				CLANG_WARN_OBJC_LITERAL_CONVERSION = YES;
				CLANG_WARN_OBJC_ROOT_CLASS = YES_ERROR;
				CLANG_WARN_QUOTED_INCLUDE_IN_FRAMEWORK_HEADER = YES;
				CLANG_WARN_RANGE_LOOP_ANALYSIS = YES;
				CLANG_WARN_STRICT_PROTOTYPES = YES;
				CLANG_WARN_SUSPICIOUS_MOVE = YES;
				CLANG_WARN_UNGUARDED_AVAILABILITY = YES_AGGRESSIVE;
				CLANG_WARN_UNREACHABLE_CODE = YES;
				CLANG_WARN__DUPLICATE_METHOD_MATCH = YES;
				COPY_PHASE_STRIP = NO;
				DEBUG_INFORMATION_FORMAT = "dwarf-with-dsym";
				ENABLE_NS_ASSERTIONS = NO;
				ENABLE_STRICT_OBJC_MSGSEND = YES;
				GCC_C_LANGUAGE_STANDARD = gnu11;
				GCC_NO_COMMON_BLOCKS = YES;
				GCC_WARN_64_TO_32_BIT_CONVERSION = YES;
				GCC_WARN_ABOUT_RETURN_TYPE = YES_ERROR;
				GCC_WARN_UNDECLARED_SELECTOR = YES;
				GCC_WARN_UNINITIALIZED_AUTOS = YES_AGGRESSIVE;
				GCC_WARN_UNUSED_FUNCTION = YES;
				GCC_WARN_UNUSED_VARIABLE = YES;
				IPHONEOS_DEPLOYMENT_TARGET = 16.2;
				MTL_ENABLE_DEBUG_INFO = NO;
				MTL_FAST_MATH = YES;
				SDKROOT = iphoneos;
				SWIFT_COMPILATION_MODE = wholemodule;
				SWIFT_OPTIMIZATION_LEVEL = "-O";
				VALIDATE_PRODUCT = YES;
			};
			name = Release;
		};
		1D39992F29F0CADF007BC059 /* Debug */ = {
			isa = XCBuildConfiguration;
			buildSettings = {
				ASSETCATALOG_COMPILER_APPICON_NAME = AppIcon;
				ASSETCATALOG_COMPILER_GLOBAL_ACCENT_COLOR_NAME = AccentColor;
				CODE_SIGN_STYLE = Automatic;
				CURRENT_PROJECT_VERSION = 1;
				GENERATE_INFOPLIST_FILE = YES;
				INFOPLIST_FILE = PhotoMemory/Info.plist;
				INFOPLIST_KEY_UIApplicationSupportsIndirectInputEvents = YES;
				INFOPLIST_KEY_UILaunchStoryboardName = LaunchScreen;
				INFOPLIST_KEY_UIMainStoryboardFile = Main;
				INFOPLIST_KEY_UISupportedInterfaceOrientations_iPad = "UIInterfaceOrientationPortrait UIInterfaceOrientationPortraitUpsideDown UIInterfaceOrientationLandscapeLeft UIInterfaceOrientationLandscapeRight";
				INFOPLIST_KEY_UISupportedInterfaceOrientations_iPhone = "UIInterfaceOrientationPortrait UIInterfaceOrientationLandscapeLeft UIInterfaceOrientationLandscapeRight";
				LD_RUNPATH_SEARCH_PATHS = (
					"$(inherited)",
					"@executable_path/Frameworks",
				);
				MARKETING_VERSION = 1.0;
				PRODUCT_BUNDLE_IDENTIFIER = com.Jhong.PhotoMemory;
				PRODUCT_NAME = "$(TARGET_NAME)";
				SWIFT_EMIT_LOC_STRINGS = YES;
				SWIFT_VERSION = 5.0;
				TARGETED_DEVICE_FAMILY = "1,2";
			};
			name = Debug;
		};
		1D39993029F0CADF007BC059 /* Release */ = {
			isa = XCBuildConfiguration;
			buildSettings = {
				ASSETCATALOG_COMPILER_APPICON_NAME = AppIcon;
				ASSETCATALOG_COMPILER_GLOBAL_ACCENT_COLOR_NAME = AccentColor;
				CODE_SIGN_STYLE = Automatic;
				CURRENT_PROJECT_VERSION = 1;
				GENERATE_INFOPLIST_FILE = YES;
				INFOPLIST_FILE = PhotoMemory/Info.plist;
				INFOPLIST_KEY_UIApplicationSupportsIndirectInputEvents = YES;
				INFOPLIST_KEY_UILaunchStoryboardName = LaunchScreen;
				INFOPLIST_KEY_UIMainStoryboardFile = Main;
				INFOPLIST_KEY_UISupportedInterfaceOrientations_iPad = "UIInterfaceOrientationPortrait UIInterfaceOrientationPortraitUpsideDown UIInterfaceOrientationLandscapeLeft UIInterfaceOrientationLandscapeRight";
				INFOPLIST_KEY_UISupportedInterfaceOrientations_iPhone = "UIInterfaceOrientationPortrait UIInterfaceOrientationLandscapeLeft UIInterfaceOrientationLandscapeRight";
				LD_RUNPATH_SEARCH_PATHS = (
					"$(inherited)",
					"@executable_path/Frameworks",
				);
				MARKETING_VERSION = 1.0;
				PRODUCT_BUNDLE_IDENTIFIER = com.Jhong.PhotoMemory;
				PRODUCT_NAME = "$(TARGET_NAME)";
				SWIFT_EMIT_LOC_STRINGS = YES;
				SWIFT_VERSION = 5.0;
				TARGETED_DEVICE_FAMILY = "1,2";
			};
			name = Release;
		};
/* End XCBuildConfiguration section */

/* Begin XCConfigurationList section */
		1D39991229F0CADD007BC059 /* Build configuration list for PBXProject "PhotoMemory" */ = {
			isa = XCConfigurationList;
			buildConfigurations = (
				1D39992C29F0CADF007BC059 /* Debug */,
				1D39992D29F0CADF007BC059 /* Release */,
			);
			defaultConfigurationIsVisible = 0;
			defaultConfigurationName = Release;
		};
		1D39992E29F0CADF007BC059 /* Build configuration list for PBXNativeTarget "PhotoMemory" */ = {
			isa = XCConfigurationList;
			buildConfigurations = (
				1D39992F29F0CADF007BC059 /* Debug */,
				1D39993029F0CADF007BC059 /* Release */,
			);
			defaultConfigurationIsVisible = 0;
			defaultConfigurationName = Release;
		};
/* End XCConfigurationList section */

/* Begin XCVersionGroup section */
		1D39992329F0CADD007BC059 /* PhotoMemory.xcdatamodeld */ = {
			isa = XCVersionGroup;
			children = (
				1D39992429F0CADD007BC059 /* PhotoMemory.xcdatamodel */,
			);
			currentVersion = 1D39992429F0CADD007BC059 /* PhotoMemory.xcdatamodel */;
			path = PhotoMemory.xcdatamodeld;
			sourceTree = "<group>";
			versionGroupType = wrapper.xcdatamodel;
		};
/* End XCVersionGroup section */
	};
	rootObject = 1D39990F29F0CADD007BC059 /* Project object */;
}
